
Microsoft Visual Studio Solution File, Format Version 12.00
# Visual Studio Version 17
VisualStudioVersion = 17.0.31903.59
MinimumVisualStudioVersion = 10.0.40219.1
Project("{FAE04EC0-301F-11D3-BF4B-00C04F79EFBC}") = "Lattice.Domain", "Domain\Lattice.Domain.csproj", "{58EE1490-7687-4414-8D84-9598151C4AE9}"
EndProject
Project("{FAE04EC0-301F-11D3-BF4B-00C04F79EFBC}") = "Lattice.Infrastructure", "Infrastructure\Lattice.Infrastructure.csproj", "{45E6F77D-7B53-4AD3-9A94-7BEA104CCABE}"
EndProject
Project("{FAE04EC0-301F-11D3-BF4B-00C04F79EFBC}") = "Lattice.WebApi", "WebApi\Lattice.WebApi.csproj", "{C857B0A4-331C-41AA-833C-20753668E86E}"
EndProject
Global
	GlobalSection(SolutionConfigurationPlatforms) = preSolution
		Debug|Any CPU = Debug|Any CPU
		Release|Any CPU = Release|Any CPU
	EndGlobalSection
	GlobalSection(SolutionProperties) = preSolution
		HideSolutionNode = FALSE
	EndGlobalSection
	GlobalSection(ProjectConfigurationPlatforms) = postSolution
		{58EE1490-7687-4414-8D84-9598151C4AE9}.Debug|Any CPU.ActiveCfg = Debug|Any CPU
		{58EE1490-7687-4414-8D84-9598151C4AE9}.Debug|Any CPU.Build.0 = Debug|Any CPU
		{58EE1490-7687-4414-8D84-9598151C4AE9}.Release|Any CPU.ActiveCfg = Release|Any CPU
		{58EE1490-7687-4414-8D84-9598151C4AE9}.Release|Any CPU.Build.0 = Release|Any CPU
		{45E6F77D-7B53-4AD3-9A94-7BEA104CCABE}.Debug|Any CPU.ActiveCfg = Debug|Any CPU
		{45E6F77D-7B53-4AD3-9A94-7BEA104CCABE}.Debug|Any CPU.Build.0 = Debug|Any CPU
		{45E6F77D-7B53-4AD3-9A94-7BEA104CCABE}.Release|Any CPU.ActiveCfg = Release|Any CPU
		{45E6F77D-7B53-4AD3-9A94-7BEA104CCABE}.Release|Any CPU.Build.0 = Release|Any CPU
		{C857B0A4-331C-41AA-833C-20753668E86E}.Debug|Any CPU.ActiveCfg = Debug|Any CPU
		{C857B0A4-331C-41AA-833C-20753668E86E}.Debug|Any CPU.Build.0 = Debug|Any CPU
		{C857B0A4-331C-41AA-833C-20753668E86E}.Release|Any CPU.ActiveCfg = Release|Any CPU
		{C857B0A4-331C-41AA-833C-20753668E86E}.Release|Any CPU.Build.0 = Release|Any CPU
	EndGlobalSection
EndGlobal
